
Microsoft Visual Studio Solution File, Format Version 12.00
# Visual Studio Version 17
VisualStudioVersion = 17.9.34701.34
MinimumVisualStudioVersion = 10.0.40219.1
Project("{9A19103F-16F7-4668-BE54-9A1E7A4F7556}") = "JobPositions", "JobPositions\JobPositions.csproj", "{5A59B6F2-B6C0-4B34-942F-630B3CA85B70}"
EndProject
Project("{9A19103F-16F7-4668-BE54-9A1E7A4F7556}") = "JobPositions.Data", "JobPositions.Data\JobPositions.Data.csproj", "{4235FCE2-6E43-478A-B74C-968562C8E720}"
EndProject
Project("{9A19103F-16F7-4668-BE54-9A1E7A4F7556}") = "JobPositions.Business", "JobPositions.Business\JobPositions.Business.csproj", "{91E15F4E-D6D4-49A1-AA33-EC8BF927EBA7}"
EndProject
Project("{FAE04EC0-301F-11D3-BF4B-00C04F79EFBC}") = "JobPositions.Test", "JobPositions.Test\JobPositions.Test.csproj", "{F6E48C4D-F573-43DF-82A9-848D43FF3FF1}"
EndProject
Global
	GlobalSection(SolutionConfigurationPlatforms) = preSolution
		Debug|Any CPU = Debug|Any CPU
		Release|Any CPU = Release|Any CPU
	EndGlobalSection
	GlobalSection(ProjectConfigurationPlatforms) = postSolution
		{5A59B6F2-B6C0-4B34-942F-630B3CA85B70}.Debug|Any CPU.ActiveCfg = Debug|Any CPU
		{5A59B6F2-B6C0-4B34-942F-630B3CA85B70}.Debug|Any CPU.Build.0 = Debug|Any CPU
		{5A59B6F2-B6C0-4B34-942F-630B3CA85B70}.Release|Any CPU.ActiveCfg = Release|Any CPU
		{5A59B6F2-B6C0-4B34-942F-630B3CA85B70}.Release|Any CPU.Build.0 = Release|Any CPU
		{4235FCE2-6E43-478A-B74C-968562C8E720}.Debug|Any CPU.ActiveCfg = Debug|Any CPU
		{4235FCE2-6E43-478A-B74C-968562C8E720}.Debug|Any CPU.Build.0 = Debug|Any CPU
		{4235FCE2-6E43-478A-B74C-968562C8E720}.Release|Any CPU.ActiveCfg = Release|Any CPU
		{4235FCE2-6E43-478A-B74C-968562C8E720}.Release|Any CPU.Build.0 = Release|Any CPU
		{91E15F4E-D6D4-49A1-AA33-EC8BF927EBA7}.Debug|Any CPU.ActiveCfg = Debug|Any CPU
		{91E15F4E-D6D4-49A1-AA33-EC8BF927EBA7}.Debug|Any CPU.Build.0 = Debug|Any CPU
		{91E15F4E-D6D4-49A1-AA33-EC8BF927EBA7}.Release|Any CPU.ActiveCfg = Release|Any CPU
		{91E15F4E-D6D4-49A1-AA33-EC8BF927EBA7}.Release|Any CPU.Build.0 = Release|Any CPU
		{F6E48C4D-F573-43DF-82A9-848D43FF3FF1}.Debug|Any CPU.ActiveCfg = Debug|Any CPU
		{F6E48C4D-F573-43DF-82A9-848D43FF3FF1}.Debug|Any CPU.Build.0 = Debug|Any CPU
		{F6E48C4D-F573-43DF-82A9-848D43FF3FF1}.Release|Any CPU.ActiveCfg = Release|Any CPU
		{F6E48C4D-F573-43DF-82A9-848D43FF3FF1}.Release|Any CPU.Build.0 = Release|Any CPU
	EndGlobalSection
	GlobalSection(SolutionProperties) = preSolution
		HideSolutionNode = FALSE
	EndGlobalSection
	GlobalSection(ExtensibilityGlobals) = postSolution
		SolutionGuid = {D86AFE41-E0C9-4A29-B138-0137D990844F}
	EndGlobalSection
EndGlobal
